@import "tailwindcss";

:root{--navy:#06233f;--navy-2:#0b3455;--gold:#e3a51a;--white:#fff;--gray:#f2f4f6;--line:#dfe5e9;--text:#142536;--muted:#667785;--green:#16845b;--red:#c94545;--blue:#2376b9;--shadow:0 12px 32px rgba(6,35,63,.08)}
*{box-sizing:border-box}
html{background:#eef2f5}
body{margin:0;background:var(--gray);color:var(--text);font-family:Inter,ui-sans-serif,system-ui,-apple-system,"Segoe UI",sans-serif}
.material-save-state{display:block;margin-top:6px;font-size:11px;color:#718391}.material-save-state.saved{color:var(--green)}.material-save-state.error{color:var(--red)}.material-save-state.saving{color:var(--blue)}
button,input,select{font:inherit}
button,a{-webkit-tap-highlight-color:transparent}
button{cursor:pointer}
a{color:inherit;text-decoration:none}
.app-shell{min-height:100vh}
.sidebar{position:fixed;inset:0 auto 0 0;width:264px;background:var(--navy);color:white;display:flex;flex-direction:column;padding:24px 16px 18px;z-index:40}
.brand{display:flex;align-items:center;gap:12px;padding:0 8px 24px;border-bottom:1px solid rgba(255,255,255,.12)}
.brand img{width:54px;height:54px;object-fit:contain;filter:drop-shadow(0 5px 8px rgba(0,0,0,.3))}
.brand strong{display:block;font-size:18px;letter-spacing:.04em}
.brand span{font-size:11px;color:#aac0d1}
.sidebar nav{display:flex;flex-direction:column;gap:4px;margin-top:19px}
.nav-label{font-size:10px;letter-spacing:.14em;color:#6f91ab;font-weight:800;margin:14px 12px 7px}
.sidebar nav button{border:0;background:transparent;color:#c6d4df;min-height:44px;border-radius:9px;display:grid;grid-template-columns:23px 1fr auto;align-items:center;gap:9px;padding:0 12px;text-align:left;font-weight:650;font-size:14px}
.sidebar nav button:hover,.sidebar nav button.active{background:rgba(255,255,255,.1);color:#fff}
.sidebar nav button.active{box-shadow:inset 3px 0 var(--gold)}
.connection-card{margin-top:auto;background:rgba(255,255,255,.07);border:1px solid rgba(255,255,255,.1);border-radius:12px;padding:13px}
.connection-card span{font-size:9px;letter-spacing:.1em;font-weight:850;color:var(--gold)}
.connection-card p{font-size:11px;color:#b5c5d1;line-height:1.45;margin:7px 0 10px}
.connection-card button{border:0;background:var(--gold);color:var(--navy);font-size:11px;font-weight:800;padding:8px 10px;border-radius:7px;width:100%}
.sidebar-foot{padding:16px 9px 0}.sidebar-foot p{font-size:11px;font-weight:700;margin:0 0 2px}.sidebar-foot small{font-size:9px;color:#8fa6b7}
.close-menu,.menu-button{display:none}
main{margin-left:264px;min-height:100vh}
.topbar{height:72px;background:white;border-bottom:1px solid var(--line);display:flex;align-items:center;padding:0 28px;position:sticky;top:0;z-index:30}
.global-search{height:42px;width:min(480px,42vw);background:var(--gray);border:1px solid transparent;border-radius:10px;display:flex;align-items:center;gap:10px;padding:0 14px;color:#8495a2}
.global-search:focus-within{border-color:#9bb5c7;background:white;box-shadow:0 0 0 3px rgba(35,118,185,.1)}
.global-search input{border:0;outline:0;background:transparent;width:100%;font-size:13px;color:var(--text)}
.top-actions{margin-left:auto;display:flex;align-items:center;gap:12px}
.whatsapp-button{height:38px;display:flex;align-items:center;gap:7px;padding:0 12px;border-radius:9px;background:#e9f8f1;color:#11734d;font-size:12px;font-weight:750}
.notification,.icon-button{border:1px solid var(--line);background:white;width:38px;height:38px;border-radius:9px;display:grid;place-items:center;position:relative}
.notification i{position:absolute;right:-3px;top:-5px;background:var(--gold);font-size:9px;width:17px;height:17px;border-radius:50%;display:grid;place-items:center;font-style:normal;font-weight:800}
.user-chip{display:flex;align-items:center;gap:9px;border-left:1px solid var(--line);padding-left:14px}
.user-chip>div{width:36px;height:36px;border-radius:9px;background:var(--navy);color:white;display:grid;place-items:center;font-size:12px;font-weight:800}
.user-chip span{display:flex;flex-direction:column}.user-chip strong{font-size:12px}.user-chip small{font-size:10px;color:var(--muted);margin-top:2px}
.workspace{padding:28px;max-width:1540px;margin:auto}
.page-heading{display:flex;justify-content:space-between;align-items:flex-end;margin-bottom:24px}
.eyebrow{margin:0 0 5px;font-size:9px;letter-spacing:.13em;font-weight:900;color:#8193a0}
.page-heading h1{margin:0;font-size:28px;color:var(--navy);letter-spacing:-.025em}.page-heading>div>p:last-child{margin:5px 0 0;color:var(--muted);font-size:12px}
.heading-actions,.modal-actions{display:flex;gap:9px}
.primary-button,.secondary-button{min-height:40px;border-radius:9px;padding:0 15px;display:inline-flex;align-items:center;justify-content:center;gap:8px;font-weight:750;font-size:12px}
.primary-button{background:var(--gold);color:var(--navy);border:1px solid var(--gold);box-shadow:0 5px 15px rgba(227,165,26,.2)}
.primary-button:hover{background:#efb42f}.secondary-button{background:white;color:var(--navy);border:1px solid var(--line)}.secondary-button:hover{border-color:#aac0cf}
.metrics-grid{display:grid;grid-template-columns:repeat(4,1fr);gap:14px;margin-bottom:14px}
.metric-card,.card{background:white;border:1px solid #e3e8ec;border-radius:13px;box-shadow:0 2px 4px rgba(6,35,63,.025)}
.metric-card{display:flex;align-items:center;gap:13px;padding:16px}
.metric-icon{width:42px;height:42px;border-radius:10px;display:grid;place-items:center;background:#e9eff4;color:var(--navy)}.metric-icon.gold{background:#fff5db;color:#a96f00}.metric-icon.blue{background:#e8f3fb;color:var(--blue)}.metric-icon.green{background:#e8f6f0;color:var(--green)}
.metric-card p{font-size:10px;color:var(--muted);margin:0 0 2px;font-weight:650}.metric-card strong{font-size:23px;color:var(--navy);display:block;line-height:1.1}.metric-card small{font-size:9px;color:#8b9aa5}
.dashboard-grid{display:grid;grid-template-columns:minmax(0,1.55fr) minmax(270px,.8fr);gap:14px}
.card{padding:18px}
.card-head,.module-head{display:flex;justify-content:space-between;align-items:flex-start;margin-bottom:16px}.card-head h2,.module-head h2{font-size:16px;margin:0;color:var(--navy)}.module-head p{margin:4px 0 0;font-size:11px;color:var(--muted)}
.text-button{border:0;background:transparent;color:var(--blue);font-size:11px;font-weight:750;display:flex;align-items:center;gap:4px}.count{width:24px;height:24px;border-radius:7px;background:#fff0c8;color:#9b6800;font-size:10px;font-weight:850;display:grid;place-items:center}
.timeline{display:flex;flex-direction:column}.timeline-item{display:grid;grid-template-columns:47px 14px minmax(0,1fr) 34px;gap:10px;min-height:74px}.time strong{font-size:12px;display:block}.time span{font-size:9px;color:var(--muted)}.line{display:flex;justify-content:center;position:relative}.line:after{content:"";position:absolute;top:10px;bottom:-5px;width:1px;background:#d7e0e6}.timeline-item:last-child .line:after{display:none}.line i{position:relative;z-index:1;width:9px;height:9px;border-radius:50%;background:#9fb0bc;border:2px solid white;box-shadow:0 0 0 1px #9fb0bc}.line i.current{background:var(--gold);box-shadow:0 0 0 1px var(--gold)}
.service-info>div{display:flex;align-items:center;gap:7px}.service-info strong{font-size:12px}.service-info p{display:flex;align-items:center;gap:5px;font-size:10px;color:var(--muted);margin:4px 0}.timeline-item>a{width:31px;height:31px;border-radius:8px;background:#e8f6f0;color:var(--green);display:grid;place-items:center}
.badge{display:inline-flex;align-items:center;padding:4px 7px;border-radius:999px;font-size:8px;font-weight:800;white-space:nowrap}.badge-green{background:#e6f5ee;color:#147451}.badge-blue{background:#e6f1f9;color:#1f679c}.badge-gold{background:#fff2cf;color:#966500}.badge-red{background:#feeaea;color:#b83c3c}.badge-gray{background:#edf1f3;color:#5e6b74}
.income{background:var(--gray);border-radius:11px;padding:14px}.income span,.income small{display:block;font-size:9px;color:var(--muted)}.income strong{display:block;font-size:25px;color:var(--navy);margin:3px 0}.progress{height:6px;border-radius:5px;background:#dfe6ea;margin-top:10px;overflow:hidden}.progress i{display:block;height:100%;background:var(--gold);border-radius:5px}.finance-list{padding:10px 1px}.finance-list>div{display:flex;justify-content:space-between;font-size:11px;padding:6px 0}.finance-list span{display:flex;align-items:center;gap:7px}.dot{width:7px;height:7px;border-radius:50%}.dot.green{background:var(--green)}.dot.gold{background:var(--gold)}.dot.blue{background:var(--blue)}.wide-button{width:100%}
.alerts-card{grid-column:2}.alert{display:flex;gap:10px;padding:10px;border-radius:9px;margin-bottom:8px}.alert svg{width:17px;flex:0 0 auto}.alert strong{font-size:10px}.alert p{font-size:9px;color:var(--muted);margin:2px 0 0}.alert.warning{background:#fff7e4;color:#8d6100}.alert.info{background:#eef6fc;color:#276990}.alert.neutral{background:#f3f5f7}
.quick-card{grid-row:2;grid-column:1}.quick-grid{display:grid;grid-template-columns:repeat(4,1fr);gap:9px}.quick-grid button{background:#f8fafb;border:1px solid var(--line);border-radius:10px;text-align:left;padding:12px;min-height:100px}.quick-grid button:hover{border-color:var(--gold);transform:translateY(-1px)}.quick-grid span{width:31px;height:31px;display:grid;place-items:center;border-radius:8px;background:white;color:var(--navy);box-shadow:0 2px 7px rgba(6,35,63,.08)}.quick-grid svg{width:16px}.quick-grid strong{display:block;font-size:10px;margin-top:9px}.quick-grid small{font-size:8px;color:var(--muted)}
.module-card{min-height:570px}.module-head{align-items:center;border-bottom:1px solid var(--line);padding-bottom:15px}.module-actions{display:flex;align-items:center;gap:8px}.quote-template-banner{display:flex;align-items:center;justify-content:space-between;gap:16px;padding:13px 15px;margin-bottom:14px;border:1px solid #ecd08a;border-radius:10px;background:#fffaf0}.quote-template-banner>div{display:flex;align-items:center;gap:11px}.quote-template-banner>div>svg{width:30px;height:30px;color:var(--gold)}.quote-template-banner span{display:flex;flex-direction:column}.quote-template-banner strong{font-size:11px;color:var(--navy)}.quote-template-banner small{font-size:9px;color:var(--muted);margin-top:3px}.quote-template-banner>a{display:flex;align-items:center;gap:6px;color:var(--navy);font-size:10px;font-weight:800;white-space:nowrap}
.toolbar{display:flex;justify-content:space-between;gap:12px;margin-bottom:16px}.segmented{display:flex;background:var(--gray);border-radius:9px;padding:3px}.segmented button{border:0;background:transparent;padding:8px 14px;border-radius:7px;font-size:10px;font-weight:750;color:var(--muted)}.segmented button.active{background:white;color:var(--navy);box-shadow:0 2px 5px rgba(6,35,63,.08)}.filters{display:flex;gap:8px}.filters select,.form-grid input,.form-grid select,.quote-line input,.quote-options input{height:38px;border:1px solid var(--line);border-radius:8px;background:white;padding:0 10px;color:var(--text);font-size:11px;outline:0}.filters select{min-width:145px}
.data-table{border:1px solid var(--line);border-radius:10px;overflow:hidden}.table-row{display:grid;grid-template-columns:1.05fr 1.7fr 1fr .72fr .9fr .55fr;align-items:center;min-height:58px;padding:8px 13px;border-bottom:1px solid var(--line);gap:10px;font-size:10px}.table-row:last-child{border-bottom:0}.table-row:hover:not(.table-header){background:#fafcfd}.table-header{min-height:37px;background:var(--navy);color:white;font-size:8px;text-transform:uppercase;letter-spacing:.07em;font-weight:800}.table-row span{min-width:0}.table-row span>strong,.table-row span>small{display:block}.table-row small{font-size:8px;color:var(--muted);margin-top:3px}.row-actions{display:flex;gap:5px}.row-actions a,.row-actions button{width:29px;height:29px;border:1px solid var(--line);border-radius:7px;background:white;display:grid;place-items:center;color:var(--navy)}
.calendar-preview{text-align:center;padding:24px;color:var(--muted)}.calendar-preview h3{color:var(--navy);margin:15px 0 3px}.calendar-preview p{font-size:11px}.calendar-navigation{display:grid;grid-template-columns:38px auto minmax(170px,1fr) 38px;align-items:center;gap:8px;max-width:620px;margin:0 auto}.calendar-navigation button{height:36px;border:1px solid var(--line);border-radius:8px;background:#fff;color:var(--navy);display:grid;place-items:center;font-size:10px;font-weight:800}.calendar-navigation button svg{width:17px}.calendar-navigation .calendar-today{padding:0 12px}.calendar-navigation strong{text-transform:capitalize;color:var(--navy);font-size:13px}.calendar-days{display:grid;grid-template-columns:repeat(7,minmax(120px,1fr));gap:7px;margin-top:20px;text-align:left;overflow:auto}.calendar-days.calendar-day{grid-template-columns:minmax(280px,680px);justify-content:center}.calendar-days>div{border:1px solid var(--line);border-radius:9px;min-height:170px;padding:9px;background:#fff}.calendar-days>div>strong{display:block;font-size:10px;color:var(--navy);margin-bottom:8px;text-transform:capitalize}.calendar-service{display:block;width:100%;text-align:left;background:#eef5fa;border:0;border-left:3px solid var(--blue);padding:8px;margin-bottom:6px;font-size:8px;border-radius:4px;color:var(--text)}.calendar-service b,.calendar-service small{display:block}.calendar-service small{margin:4px 0;color:var(--muted)}.calendar-service .badge{font-size:7px}.calendar-empty-day{display:block;padding:18px 4px;font-size:9px;color:#98a5ae}.calendar-current-day{box-shadow:inset 0 0 0 2px var(--gold)}.calendar-month{margin-top:20px;text-align:left;overflow:auto}.calendar-weekdays,.calendar-month-grid{display:grid;grid-template-columns:repeat(7,minmax(105px,1fr));min-width:735px}.calendar-weekdays span{padding:7px;text-align:center;color:var(--navy);font-size:9px;font-weight:900}.calendar-month-grid>div{min-height:100px;border:1px solid var(--line);padding:7px;background:#fff}.calendar-month-grid>div>strong{display:block;color:var(--navy);font-size:10px;margin-bottom:5px}.calendar-month-grid button{display:block;width:100%;border:0;border-radius:4px;background:#eef5fa;color:var(--navy);font-size:7px;text-align:left;padding:5px;margin-bottom:3px;white-space:nowrap;overflow:hidden;text-overflow:ellipsis}.calendar-month-grid .outside-month{opacity:.42;background:#f6f8f9}.calendar-month-grid small{font-size:7px;color:var(--muted)}.agenda-empty-filter{padding:45px 20px;text-align:center;color:var(--muted)}.agenda-empty-filter svg{color:var(--gold)}.agenda-empty-filter strong,.agenda-empty-filter span{display:block}.agenda-empty-filter strong{color:var(--navy);margin:7px 0 3px}
.client-grid,.order-grid,.tech-grid{display:grid;grid-template-columns:repeat(3,1fr);gap:12px}.client-card,.order-card,.tech-card{border:1px solid var(--line);border-radius:11px;padding:15px;background:#fff}.client-top{display:flex;justify-content:space-between}.client-top button{border:0;background:transparent}.avatar{width:38px;height:38px;border-radius:10px;background:var(--navy);color:white;display:grid;place-items:center;font-size:11px;font-weight:800}.client-card h3,.order-card h3,.tech-card h3{font-size:13px;margin:11px 0 2px}.company{font-size:9px;color:var(--gold);font-weight:800;margin:0 0 12px}.client-contact{display:flex;flex-direction:column;gap:6px}.client-contact span,.order-card>p,.tech-card>span{display:flex;align-items:center;gap:6px;font-size:9px;color:var(--muted);margin:5px 0}.client-contact svg,.order-card>p svg,.tech-card>span svg{width:13px;height:13px}.client-stats{display:grid;grid-template-columns:1fr 1fr;border-block:1px solid var(--line);margin:13px 0;padding:10px 0}.client-stats span{display:flex;flex-direction:column}.client-stats span+span{border-left:1px solid var(--line);padding-left:12px}.client-stats small{font-size:8px;color:var(--muted)}.client-stats strong{font-size:12px;margin-top:2px}.client-stats .due{color:var(--red)}.client-actions{display:flex;justify-content:space-between}.client-actions a,.client-actions button{border:0;background:transparent;font-size:9px;font-weight:750;display:flex;align-items:center;gap:4px;color:var(--blue)}.client-actions a{color:var(--green)}.client-actions svg{width:14px}
.quote-cols{grid-template-columns:1.25fr 1.2fr 1fr .8fr .75fr .7fr}.payment-cols{grid-template-columns:.8fr 1.25fr .8fr .8fr .9fr .8fr}
.order-grid{grid-template-columns:repeat(3,1fr)}.order-head{display:flex;justify-content:space-between;align-items:center}.order-head>span{font-size:9px;font-weight:850;color:var(--blue)}.order-meta{display:flex;align-items:center;gap:10px;background:var(--gray);padding:8px;border-radius:8px;margin-top:12px;font-size:8px}.order-meta span{display:flex;align-items:center;gap:3px}.order-meta svg{width:12px}.order-meta strong{margin-left:auto}.order-actions{display:flex;gap:7px;margin-top:10px}.order-actions button{flex:1;border:1px solid var(--line);background:white;border-radius:7px;height:32px;font-size:9px;font-weight:750;display:flex;align-items:center;justify-content:center;gap:4px}.order-actions svg{width:14px}
.tech-grid{grid-template-columns:repeat(3,1fr)}.tech-card{text-align:center;position:relative}.avatar.tech{margin:auto;border-radius:50%;width:50px;height:50px}.tech-card>.badge{position:absolute;right:12px;top:12px}.tech-card>p{font-size:9px;color:var(--muted)}.tech-card>span{justify-content:center}.tech-stats{margin-top:12px;border-top:1px solid var(--line);padding-top:10px;display:grid;grid-template-columns:auto auto auto auto;align-items:center;justify-content:center;gap:5px}.tech-stats b{font-size:14px}.tech-stats small{font-size:8px;color:var(--muted);margin-right:8px}.edit-tech-button{width:100%;height:34px;margin-top:12px;border:1px solid var(--line);border-radius:8px;background:white;color:var(--navy);font-size:9px;font-weight:800;display:flex;align-items:center;justify-content:center;gap:6px}.edit-tech-button:hover{border-color:var(--gold);background:#fffaf0}.technician-modal{width:min(520px,100%)}
.settings-layout{display:grid;grid-template-columns:1.45fr .75fr;gap:14px}.settings-brand{display:flex;align-items:center;gap:16px;margin-bottom:16px}.settings-brand img{width:76px;height:76px;object-fit:contain}.integration-card{background:var(--navy);color:white}.integration-card h2{font-size:18px}.integration-card p,.integration-card li{font-size:10px;color:#bdd0dd;line-height:1.5}.integration-card code{color:var(--gold)}.integration-icon{width:42px;height:42px;border-radius:11px;background:rgba(255,255,255,.1);display:grid;place-items:center;color:var(--gold)}
.form-grid{display:grid;grid-template-columns:1fr 1fr;gap:12px}.form-grid label{display:flex;flex-direction:column;gap:5px;font-size:10px;font-weight:750;color:var(--navy)}.form-grid .wide{grid-column:1/-1}.form-grid em{font-size:8px;color:var(--red);font-style:normal}.settings-card>.primary-button{margin-top:15px}
.modal-backdrop{position:fixed;inset:0;background:rgba(4,20,34,.62);backdrop-filter:blur(3px);z-index:80;display:grid;place-items:center;padding:18px}.modal{background:white;border-radius:16px;width:min(760px,100%);max-height:92vh;overflow:auto;box-shadow:0 28px 80px rgba(0,0,0,.28);padding:22px}.modal-head{display:flex;justify-content:space-between;margin-bottom:18px}.modal-head h2{font-size:20px;margin:0;color:var(--navy)}.modal-head button{border:0;background:var(--gray);width:34px;height:34px;border-radius:8px}.modal-actions{justify-content:flex-end;margin-top:8px}.quote-form h3{font-size:11px;color:var(--navy);margin:0}.quote-concepts-head{display:flex;align-items:center;justify-content:space-between;margin:18px 0 8px}.quote-concepts-head button{display:flex;align-items:center;gap:4px}.quote-line{display:grid;grid-template-columns:minmax(170px,1.8fr) .5fr .8fr .8fr 30px;gap:7px;align-items:center;margin-bottom:7px}.quote-line strong{text-align:right;font-size:11px}.quote-line-head{font-size:9px;font-weight:800;color:var(--muted);text-transform:uppercase}.remove-line{display:grid;place-items:center;width:28px;height:28px;border:0;border-radius:7px;background:#fff0f0;color:var(--red)}.remove-line:disabled{opacity:.35;cursor:not-allowed}.quote-options{display:flex;justify-content:space-between;align-items:center;font-size:10px;margin:14px 0}.quote-options label{display:flex;align-items:center;gap:7px}.quote-options input[type=checkbox]{height:auto}.quote-options input[type=number]{width:100px}.quote-total{margin-left:auto;background:var(--gray);width:300px;border-radius:10px;overflow:hidden}.quote-total span,.quote-total>strong{display:flex;justify-content:space-between;align-items:center;padding:8px 11px;font-size:10px}.quote-total>strong{background:var(--gold);color:var(--navy)}.quote-total>strong label{font-weight:800}.quote-total>strong input{width:145px;height:36px;border:2px solid var(--navy);background:#fff;border-radius:7px;padding:0 8px;text-align:right;font-size:16px;font-weight:800;color:var(--navy)}.quote-total>strong input:focus{outline:3px solid rgba(255,255,255,.8);outline-offset:1px}.quote-total-mode{display:flex;justify-content:flex-end;align-items:center;gap:10px;margin:6px 0 10px;font-size:10px;color:var(--muted)}.quote-total-mode button{font-size:10px}
.toast{position:fixed;right:22px;bottom:22px;background:#113c30;color:white;padding:12px 16px;border-radius:10px;display:flex;align-items:center;gap:8px;font-size:11px;font-weight:700;z-index:100;box-shadow:var(--shadow);animation:slideIn .2s ease}@keyframes slideIn{from{transform:translateY(12px);opacity:0}}
.empty{text-align:center;color:var(--muted);padding:35px}.empty strong{display:block;color:var(--navy);margin-top:8px}.empty p{font-size:10px}
.property-profile{display:flex;flex-direction:column;gap:14px}.property-toolbar{display:grid;grid-template-columns:auto 1fr auto;align-items:center;gap:14px}.property-toolbar h2{margin:0;color:var(--navy);font-size:20px}.property-toolbar p{margin:0 0 3px}.client-tabs{display:flex;gap:4px;border-bottom:1px solid var(--line)}.client-tabs button{border:0;background:transparent;color:var(--muted);padding:11px 15px;font-size:10px;font-weight:800;display:flex;align-items:center;gap:6px;border-bottom:3px solid transparent}.client-tabs button.active{color:var(--navy);border-color:var(--gold)}.property-map-card{padding:0;overflow:hidden}.property-map{height:260px;background:#dfe8ee}.property-map iframe{width:100%;height:100%;border:0}.map-actions{padding:13px 15px;display:flex;justify-content:space-between;align-items:center;gap:12px}.map-actions>div{display:flex;align-items:center;gap:10px}.map-actions strong,.map-actions small{display:block}.map-actions strong{font-size:12px;color:var(--navy)}.map-actions small{font-size:9px;color:var(--muted);margin-top:3px}.map-pin{width:36px;height:36px;border-radius:9px;background:#fff3d5;color:#9b6800;display:grid;place-items:center;flex:0 0 auto}.map-pin svg{width:18px}.property-section{padding:18px}.section-title{display:flex;justify-content:space-between;align-items:center;margin-bottom:15px}.section-title h3{margin:0;color:var(--navy);font-size:15px}.section-title p{margin:0 0 3px}.section-title>span{background:var(--gray);padding:5px 8px;border-radius:7px;font-size:9px;font-weight:800;color:var(--muted)}.section-title>svg{color:var(--gold)}.property-form textarea,.notes-area{border:1px solid var(--line);border-radius:8px;padding:10px;color:var(--text);font-size:11px;outline:0;resize:vertical}.property-form textarea{min-height:72px}.coordinate-fields{display:grid;grid-template-columns:1fr 1fr;gap:7px}.photo-controls{display:grid;grid-template-columns:150px minmax(180px,1fr) auto auto;gap:8px;margin-bottom:14px}.photo-controls select,.photo-controls input{height:40px;border:1px solid var(--line);border-radius:8px;background:white;padding:0 10px;font-size:10px;color:var(--text);outline:0}.hidden-file{display:none}.property-gallery{display:grid;grid-template-columns:repeat(4,minmax(0,1fr));gap:10px}.property-gallery>article{position:relative;border:1px solid var(--line);border-radius:10px;overflow:hidden;background:white}.photo-preview{border:0;background:#e7edf1;width:100%;height:135px;padding:0;position:relative;display:block}.photo-preview img{width:100%;height:100%;object-fit:cover}.photo-preview span{position:absolute;left:7px;bottom:7px;background:rgba(6,35,63,.85);color:white;border-radius:5px;padding:4px 6px;font-size:8px;font-weight:800}.property-gallery article>div{padding:9px 34px 9px 9px}.property-gallery strong,.property-gallery small{display:block}.property-gallery strong{font-size:9px;white-space:nowrap;overflow:hidden;text-overflow:ellipsis}.property-gallery small{font-size:7px;color:var(--muted);margin-top:3px}.delete-photo{position:absolute;right:6px;bottom:7px;border:0;background:#fff0f0;color:var(--red);width:25px;height:25px;border-radius:6px;display:grid;place-items:center}.photo-empty{border:1px dashed #bdcbd4;border-radius:10px;padding:30px;text-align:center;color:var(--muted)}.photo-empty svg{color:var(--gold)}.photo-empty strong{display:block;color:var(--navy);font-size:11px;margin-top:6px}.photo-empty p{font-size:9px}.property-bottom-grid{display:grid;grid-template-columns:1fr 1.15fr;gap:14px}.notes-area{width:100%;min-height:190px;line-height:1.65;background:#fbfcfd}.property-history{display:flex;flex-direction:column}.property-history>div{display:grid;grid-template-columns:1fr auto auto;align-items:center;gap:9px;padding:10px 0;border-bottom:1px solid var(--line)}.property-history>div:last-child{border-bottom:0}.property-history strong,.property-history small{display:block}.property-history strong{font-size:10px}.property-history small{font-size:8px;color:var(--muted);margin-top:3px}.property-history button{border:1px solid var(--line);background:white;border-radius:6px;height:28px;padding:0 8px;font-size:8px;font-weight:800;color:var(--blue)}.empty-property-history{font-size:10px;color:var(--muted);padding:20px;text-align:center}.property-agenda-tip{display:flex;gap:10px;align-items:center;background:var(--navy);color:white;border-radius:11px;padding:14px 16px}.property-agenda-tip strong{font-size:11px}.property-agenda-tip p{font-size:9px;color:#bdceda;margin:3px 0 0}.photo-lightbox{position:fixed;inset:0;background:rgba(2,12,20,.9);z-index:120;display:grid;place-items:center;padding:30px}.photo-lightbox>button{position:absolute;right:24px;top:24px;border:0;background:white;width:38px;height:38px;border-radius:9px;display:grid;place-items:center}.photo-lightbox img{max-width:min(100%,1100px);max-height:78vh;border-radius:12px}.photo-lightbox>div{position:absolute;bottom:22px;color:white;text-align:center}.photo-lightbox>div strong,.photo-lightbox>div span{display:block}.photo-lightbox>div span{font-size:10px;color:#cbd7df;margin-top:4px}
.mobile-nav{display:none}

@media(max-width:1100px){
  .metrics-grid{grid-template-columns:repeat(2,1fr)}.client-grid,.order-grid{grid-template-columns:repeat(2,1fr)}.quick-grid{grid-template-columns:repeat(2,1fr)}.table-row{grid-template-columns:1fr 1.5fr 1fr .8fr}.table-row span:nth-child(4),.table-row span:nth-child(6){display:none}.table-header span:nth-child(4),.table-header span:nth-child(6){display:none}
}
@media(max-width:800px){
  main{margin-left:0;padding-bottom:68px}.sidebar{transform:translateX(-105%);transition:.2s;width:280px}.sidebar.open{transform:translateX(0);box-shadow:30px 0 80px rgba(0,0,0,.3)}.close-menu{display:grid;position:absolute;right:10px;top:10px;width:32px;height:32px;place-items:center;border:0;border-radius:7px;background:rgba(255,255,255,.09);color:white}.scrim{position:fixed;inset:0;background:rgba(2,15,26,.45);z-index:35}.menu-button{display:grid;place-items:center;border:0;background:transparent;color:var(--navy);margin-right:7px}.topbar{padding:0 14px;height:62px}.global-search{width:auto;flex:1}.whatsapp-button span,.user-chip span{display:none}.user-chip{padding-left:8px}.workspace{padding:18px 14px}.page-heading{align-items:flex-start;gap:12px}.page-heading h1{font-size:23px}.heading-actions .secondary-button{display:none}.heading-actions .primary-button{font-size:0;width:42px;padding:0}.heading-actions .primary-button svg{margin:0}.metrics-grid{grid-template-columns:1fr 1fr;gap:9px}.metric-card{padding:12px}.metric-card strong{font-size:18px}.dashboard-grid{grid-template-columns:1fr}.alerts-card,.quick-card{grid-column:auto;grid-row:auto}.client-grid,.order-grid,.tech-grid{grid-template-columns:1fr}.settings-layout{grid-template-columns:1fr}.toolbar{flex-direction:column}.filters{overflow:auto}.filters select{min-width:135px}.calendar-days{grid-template-columns:repeat(5,150px);overflow:auto}.module-card{padding:13px;min-height:450px}.table-row{grid-template-columns:1fr 1.4fr .85fr;min-width:610px}.table-row span:nth-child(3){display:none}.data-table{overflow:auto}.module-head{gap:10px}.module-head .primary-button{font-size:0;width:40px;padding:0}.module-head .primary-button svg{margin:0}.mobile-nav{position:fixed;display:grid;grid-template-columns:repeat(5,1fr);bottom:0;left:0;right:0;height:64px;background:white;border-top:1px solid var(--line);z-index:32;padding-bottom:env(safe-area-inset-bottom)}.mobile-nav button{border:0;background:white;color:#7c8b96;display:flex;flex-direction:column;align-items:center;justify-content:center;gap:3px;font-size:8px}.mobile-nav button.active{color:var(--navy)}.mobile-nav button.active svg{color:var(--gold)}.form-grid{grid-template-columns:1fr}.form-grid .wide{grid-column:auto}.quote-line{grid-template-columns:1fr 55px 85px 28px}.quote-line-head{display:none}.quote-line strong{grid-column:1/-1}.quote-options{align-items:flex-start;gap:10px}.quote-total{width:100%}.modal{padding:17px}.toast{left:14px;right:14px;bottom:77px;justify-content:center}.property-toolbar{grid-template-columns:auto 1fr}.property-toolbar>.primary-button{grid-column:1/-1}.map-actions,.map-actions>div{align-items:flex-start}.map-actions{flex-direction:column}.photo-controls{grid-template-columns:1fr 1fr}.photo-controls>input{grid-column:1/-1}.property-gallery{grid-template-columns:repeat(2,1fr)}.property-bottom-grid{grid-template-columns:1fr}.property-map{height:220px}.coordinate-fields{grid-template-columns:1fr}.property-history>div{grid-template-columns:1fr auto}.property-history button{grid-column:1/-1}
}
@media(max-width:470px){.metrics-grid{grid-template-columns:1fr}.quick-grid{grid-template-columns:1fr 1fr}.user-chip{display:none}.global-search input::placeholder{font-size:0}.whatsapp-button{padding:0 10px}.page-heading>div>p:last-child{max-width:230px}.metric-card small{font-size:8px}}
@media(prefers-reduced-motion:reduce){*{scroll-behavior:auto!important;transition:none!important;animation:none!important}}
@media(max-width:800px){.module-actions .secondary-button{font-size:0;width:40px;padding:0}.quote-template-banner{align-items:flex-start}.quote-template-banner>a{font-size:0}}
.agenda-property-summary{display:flex!important;align-items:center;gap:6px;margin-top:5px;color:#8b680d}.agenda-property-summary img,.agenda-property-summary>svg{width:25px;height:25px;object-fit:cover;border-radius:6px;background:#fff3d5;padding:3px}.agenda-property-summary small{margin:0!important;max-width:190px;white-space:nowrap;overflow:hidden;text-overflow:ellipsis;color:#80641e!important}

.auth-loading,.login-page{min-height:100vh;display:grid;place-items:center;background:linear-gradient(145deg,#03192e,#0b3c62);padding:20px;color:white}
.auth-loading>div{display:flex;flex-direction:column;align-items:center;gap:8px}.auth-loading strong{color:var(--gold);font-size:22px;letter-spacing:.08em}.auth-loading span{font-size:11px;color:#d8e4ec}
.login-card{width:min(430px,100%);background:white;color:var(--text);border-radius:20px;padding:34px;box-shadow:0 30px 90px rgba(0,0,0,.3);text-align:center}
.login-card>img{object-fit:contain;margin-bottom:10px}.login-card h1{color:var(--navy);font-size:26px;margin:4px 0 8px}.login-card>p:not(.eyebrow){font-size:12px;color:var(--muted);margin-bottom:24px}
.login-card form,.login-card label{display:flex;flex-direction:column;text-align:left}.login-card form{gap:13px}.login-card label{gap:6px;color:var(--navy);font-size:11px;font-weight:800}.login-card input{height:46px;border:1px solid var(--line);border-radius:9px;padding:0 12px;outline:0}.login-card input:focus{border-color:var(--gold);box-shadow:0 0 0 3px rgba(227,165,26,.15)}
.login-card .primary-button{width:100%;margin-top:4px}.recover-button{justify-content:center;width:100%}.auth-message{font-size:10px;padding:9px;background:#fff5dc;color:#7f5900;border-radius:7px;text-align:left}
.auth-error-card .auth-error-icon{width:34px;height:34px;color:#b56f00;margin:4px auto 0}.auth-error-card .auth-help{background:#f5f7f9;border-radius:8px;padding:11px;line-height:1.55}.auth-error-card .primary-button{margin-top:8px}
.supplier-shortcuts{display:flex;gap:10px;flex-wrap:wrap;margin:0 0 18px}.supplier-shortcuts a{display:flex;align-items:center;gap:7px;background:#fff7df;color:#735300;border:1px solid #efd18a;border-radius:10px;padding:11px 14px;font-weight:800;font-size:13px}.supplier-shortcuts svg{width:17px}.material-quote-list{display:grid;gap:9px}.material-quote-list>button{display:grid;grid-template-columns:1fr auto auto;align-items:center;gap:12px;text-align:left;background:white;border:1px solid var(--line);border-radius:12px;padding:14px}.material-quote-list span{display:flex;flex-direction:column;gap:4px}.material-quote-list small{color:var(--muted)}.empty-materials{padding:54px 20px;text-align:center;color:var(--muted);display:flex;flex-direction:column;align-items:center;gap:7px}.empty-materials svg{width:45px;height:45px;color:var(--gold)}
.material-editor-backdrop{position:fixed;inset:0;background:rgba(3,18,31,.68);z-index:100;overflow:auto;padding:18px}.material-editor{width:min(980px,100%);margin:auto;background:#f4f6f8;border-radius:18px;box-shadow:0 28px 90px rgba(0,0,0,.32);overflow:hidden}.material-editor>header{background:var(--navy);color:white;padding:20px 24px;display:flex;justify-content:space-between;align-items:flex-start}.material-editor>header h2{margin:2px 0 5px}.material-editor>header span{font-size:12px;color:#b8ccdb}.material-editor>header button{border:0;background:rgba(255,255,255,.12);color:white;border-radius:9px;width:38px;height:38px;display:grid;place-items:center}.sticky-suppliers{padding:14px 18px;margin:0;background:white;border-bottom:1px solid var(--line);position:sticky;top:0;z-index:2}.material-items{padding:16px;display:grid;gap:14px}.material-item{background:white;border:1px solid var(--line);border-radius:14px;padding:15px;box-shadow:var(--shadow)}.material-item.selected{border-color:#ddb65b;box-shadow:0 0 0 2px rgba(227,165,26,.12)}.material-item-head{display:flex;justify-content:space-between;align-items:center;margin-bottom:12px}.material-choice{display:flex;align-items:center;gap:8px;color:var(--navy);font-weight:850;font-size:13px}.material-choice input{width:19px;height:19px;accent-color:var(--gold)}.danger-icon{border:0;background:#fff0f0;color:var(--red);width:35px;height:35px;border-radius:8px;display:grid;place-items:center}.danger-icon svg{width:17px}.material-form-grid{display:grid;grid-template-columns:repeat(4,1fr);gap:10px}.material-form-grid label,.material-adjustments label{display:flex;flex-direction:column;gap:5px;font-size:10px;font-weight:850;color:var(--navy)}.material-form-grid .wide{grid-column:span 2}.material-form-grid input,.material-form-grid select,.material-form-grid textarea,.material-adjustments input{border:1px solid var(--line);background:white;border-radius:8px;padding:9px;min-width:0;color:var(--text)}.material-form-grid textarea{min-height:65px;resize:vertical}.photo-input{border:1px dashed #a9bdca;border-radius:9px;padding:11px!important;display:flex!important;flex-direction:row!important;align-items:center;color:var(--blue)!important}.photo-input input{display:none}.photo-input a{margin-left:auto;text-decoration:underline}.alternative-button,.add-material-button{display:flex;align-items:center;justify-content:center;gap:7px;border:0;border-radius:9px;padding:10px 13px;font-weight:800}.alternative-button{margin-top:12px;background:#edf4f8;color:var(--navy)}.alternative-button svg,.add-material-button svg{width:16px}.add-material-button{margin:0 16px 16px;background:var(--navy);color:white;width:calc(100% - 32px)}.material-totals{margin:0 16px 16px;background:white;border-radius:14px;padding:17px}.material-totals h3{margin:0 0 14px}.material-adjustments{display:grid;grid-template-columns:repeat(4,1fr);gap:10px}.material-adjustments label:first-child{flex-direction:row;align-items:center}.material-summary{margin-top:16px;border-top:1px solid var(--line);padding-top:12px;display:grid;gap:8px}.material-summary span,.material-summary strong{display:flex;justify-content:space-between}.material-summary strong{font-size:18px;color:var(--navy);padding-top:9px;border-top:2px solid var(--navy)}.material-editor>footer{position:sticky;bottom:0;background:white;border-top:1px solid var(--line);padding:13px 16px;display:flex;justify-content:flex-end;gap:8px}.material-editor>footer a,.material-editor>footer button{display:flex;align-items:center;justify-content:center;gap:6px;min-height:42px;border-radius:9px;padding:0 14px;font-weight:850}.material-editor>footer svg{width:17px}.approve-button{background:var(--green);color:white;border:0}.reject-button{background:#fff0f0;color:var(--red);border:1px solid #f0c4c4}.whatsapp-share{background:#1da76d;color:white}.tech-save-actions{display:grid;grid-template-columns:1fr 1fr;gap:9px;margin-top:12px}.tech-save-actions button{justify-content:center}
@media(max-width:700px){.material-editor-backdrop{padding:0}.material-editor{min-height:100vh;border-radius:0}.material-editor>header{padding:16px}.sticky-suppliers{flex-wrap:nowrap;overflow:auto}.sticky-suppliers a{white-space:nowrap}.material-items{padding:10px}.material-item{padding:12px}.material-form-grid{grid-template-columns:1fr 1fr}.material-form-grid .wide{grid-column:1/-1}.material-adjustments{grid-template-columns:1fr 1fr}.material-editor>footer{display:grid;grid-template-columns:1fr 1fr;padding-bottom:max(13px,env(safe-area-inset-bottom))}.material-editor>footer>*{width:100%}.material-summary strong{font-size:16px}.supplier-shortcuts{overflow:auto;flex-wrap:nowrap}.supplier-shortcuts a{white-space:nowrap}.material-quote-list>button{grid-template-columns:1fr auto}.material-quote-list>button>svg{display:none}}
.logout-chip{border:0;background:white;text-align:left}.technician-page{margin:0;min-height:100vh;background:#eef2f5}.tech-header{height:72px;background:var(--navy);color:white;display:flex;align-items:center;justify-content:space-between;padding:0 max(18px,calc((100vw - 980px)/2))}
.user-admin{min-height:560px}.user-role-summary{display:grid;grid-template-columns:repeat(3,1fr);gap:12px;margin:18px 0}.user-role-summary article{display:flex;align-items:center;gap:12px;border:1px solid var(--line);border-radius:12px;padding:15px;background:#fafcfd}.user-role-summary svg{color:var(--gold);width:26px}.user-role-summary span,.user-role-summary strong,.user-role-summary small{display:block}.user-role-summary strong{font-size:21px;color:var(--navy)}.user-role-summary small{font-size:9px;color:var(--muted);font-weight:800}.user-table{border:1px solid var(--line);border-radius:12px;overflow:hidden}.user-row{display:grid;grid-template-columns:1.5fr .85fr .65fr .9fr .55fr;gap:12px;align-items:center;padding:12px 14px;border-bottom:1px solid var(--line);background:white}.user-row:last-child{border-bottom:0}.user-header{background:#f1f4f6;color:var(--muted);font-size:9px;font-weight:900;text-transform:uppercase}.user-row>span>strong,.user-row>span>small{display:block}.user-row>span>strong{font-size:11px;color:var(--navy)}.user-row>span>small{font-size:8px;color:var(--muted);margin-top:3px}.role-pill{display:inline-flex;border-radius:20px;padding:5px 8px;font-size:8px}.role-admin{background:#e8eef4;color:var(--navy)}.role-reception{background:#fff3d3;color:#7d5900}.role-technician{background:#e9f6ee;color:#157348}.user-actions{display:flex;gap:6px}.user-actions button{width:32px;height:32px;border:1px solid var(--line);background:white;border-radius:7px;display:grid;place-items:center;color:var(--navy)}.user-actions button:last-child{color:var(--red)}.user-actions button:disabled{opacity:.35}.user-actions svg{width:15px}.user-empty{padding:50px;text-align:center;color:var(--muted)}.user-error,.protected-note{display:flex;align-items:center;gap:8px;border-radius:9px;padding:11px 13px;font-size:10px}.user-error{background:#fff0f0;color:#9b2828}.user-error svg,.protected-note svg{width:17px}.user-error button{margin-left:auto;border:0;background:transparent;color:inherit;font-weight:900}.protected-note{background:#edf5fa;color:var(--navy);margin-bottom:14px}.password-field{display:flex;align-items:center;border:1px solid var(--line);border-radius:8px;padding-left:10px}.password-field:focus-within{border-color:var(--gold)}.password-field svg{width:16px;color:var(--muted)}.password-field input{border:0!important;box-shadow:none!important;flex:1}.user-modal{width:min(650px,calc(100% - 24px))}
.user-modal-backdrop{z-index:1000}.user-modal{max-height:calc(100vh - 28px);overflow:auto}.user-modal label>small{display:block;margin-top:5px;color:var(--muted);font-size:9px;line-height:1.35}
.technician-creation-message{display:flex;align-items:center;gap:8px;margin:0 0 14px;padding:11px 13px;border-radius:9px;font-size:10px;font-weight:700}.technician-creation-message svg{width:17px;flex:0 0 auto}.technician-creation-message.diagnostic{background:#edf5fa;color:var(--navy)}.technician-creation-message.success{background:#e9f6ee;color:#157348}.technician-creation-message.error{background:#fff0f0;color:#9b2828}.technician-server-note{display:flex;align-items:center;gap:8px;margin:0;padding:10px 12px;border-radius:8px;background:#edf5fa;color:var(--navy);font-size:9px;line-height:1.45}.technician-server-note svg{width:17px;flex:0 0 auto}
.order-assignment{display:flex;flex-direction:column;gap:6px;margin:10px 0}.order-assignment>span{display:flex;align-items:center;gap:6px;font-size:9px;font-weight:850;color:var(--navy)}.order-assignment svg{width:15px}.order-assignment select{height:38px;border:1px solid var(--line);border-radius:8px;background:white;padding:0 10px;color:var(--navy);font-weight:750}
.quote-workflow-actions{display:flex;flex-direction:column;align-items:stretch;gap:6px}.quote-workflow-actions>button{border:0;border-radius:7px;min-height:30px;padding:0 8px;display:flex;align-items:center;justify-content:center;gap:5px;color:white;font-size:8px;font-weight:850;white-space:nowrap}.quote-workflow-actions>button svg{width:14px}.approve-quote-button{background:var(--green)}.convert-order-button{background:var(--navy)}.quote-workflow-actions>button:disabled{opacity:.55}
@media(max-width:800px){.user-role-summary{grid-template-columns:1fr 1fr 1fr}.user-row{grid-template-columns:1.35fr .8fr .55fr;min-width:0}.user-row>span:nth-child(4),.user-header>span:nth-child(4){display:none}.user-actions{justify-content:flex-end}.user-table{overflow:visible}.user-header{display:none}.user-row{border:1px solid var(--line);border-radius:10px;margin-bottom:9px}.user-table{border:0}.user-role-summary article{padding:10px;gap:7px}.user-role-summary svg{display:none}.user-role-summary strong{font-size:17px}}
@media(max-width:520px){.user-role-summary{gap:6px}.user-role-summary small{font-size:7px}.user-row{grid-template-columns:1fr auto}.user-row>span:nth-child(2){grid-column:1}.user-row>span:nth-child(3){grid-column:2;grid-row:1}.user-row>span:nth-child(5){grid-column:2;grid-row:2}.user-admin .module-head{align-items:flex-start}}
.tech-header>div{display:flex;align-items:center;gap:11px}.tech-header img{object-fit:contain}.tech-header span{display:flex;flex-direction:column}.tech-header strong{font-size:16px}.tech-header small{font-size:10px;color:#b9cad6;margin-top:2px}
.tech-workspace{max-width:980px;margin:auto;padding:26px 18px 60px}.tech-order-list{display:grid;grid-template-columns:repeat(2,minmax(0,1fr));gap:14px}.tech-order h2{font-size:17px;color:var(--navy);margin:14px 0 9px}.tech-order>p{display:flex;align-items:center;gap:6px;font-size:11px;color:var(--muted);margin:6px 0}.tech-order>p svg{width:15px}
.tech-contact-actions{display:flex;gap:8px;margin:14px 0}.tech-contact-actions>*{flex:1;justify-content:center}.tech-order>label{display:flex;flex-direction:column;gap:6px;font-size:10px;font-weight:800;color:var(--navy);margin-top:12px}.tech-order select,.tech-order textarea{border:1px solid var(--line);border-radius:8px;padding:10px;background:white}.tech-order textarea{min-height:95px;resize:vertical}
.evidence-upload{display:grid;grid-template-columns:1fr 1fr;gap:8px;margin-top:12px}.evidence-upload label{border:1px dashed #a8b9c5;background:#f8fafb;border-radius:9px;min-height:58px;display:flex;align-items:center;justify-content:center;gap:7px;font-size:10px;font-weight:800;color:var(--navy);cursor:pointer}.evidence-upload input{display:none}.save-tech-order{width:100%;margin-top:13px}
@media(max-width:700px){.login-card{padding:26px 20px}.tech-header{padding:0 14px}.tech-header .secondary-button{padding:0 10px}.tech-order-list{grid-template-columns:1fr}.evidence-upload{grid-template-columns:1fr}.tech-contact-actions{flex-direction:column}}
